// !$*UTF8*$!
{
	archiveVersion = 1;
	classes = {
	};
	objectVersion = 46;
	objects = {

/* Begin PBXBuildFile section */
		30305E381A41184300A9F8F8 /* AppDelegate.swift in Sources */ = {isa = PBXBuildFile; fileRef = 30305E371A41184300A9F8F8 /* AppDelegate.swift */; };
		30305E3A1A41184300A9F8F8 /* ViewController.swift in Sources */ = {isa = PBXBuildFile; fileRef = 30305E391A41184300A9F8F8 /* ViewController.swift */; };
		30305E3D1A41184300A9F8F8 /* Main.storyboard in Resources */ = {isa = PBXBuildFile; fileRef = 30305E3B1A41184300A9F8F8 /* Main.storyboard */; };
		30305E3F1A41184300A9F8F8 /* Images.xcassets in Resources */ = {isa = PBXBuildFile; fileRef = 30305E3E1A41184300A9F8F8 /* Images.xcassets */; };
		30305E421A41184300A9F8F8 /* LaunchScreen.xib in Resources */ = {isa = PBXBuildFile; fileRef = 30305E401A41184300A9F8F8 /* LaunchScreen.xib */; };
		30305E4E1A41184300A9F8F8 /* SimpleGUITests.swift in Sources */ = {isa = PBXBuildFile; fileRef = 30305E4D1A41184300A9F8F8 /* SimpleGUITests.swift */; };
		D4059B9817246A4E693D6A0A /* test.jpeg in Resources */ = {isa = PBXBuildFile; fileRef = D4059C8A22FAC4E2F8624483 /* test.jpeg */; };
/* End PBXBuildFile section */

/* Begin PBXContainerItemProxy section */
		30305E481A41184300A9F8F8 /* PBXContainerItemProxy */ = {
			isa = PBXContainerItemProxy;
			containerPortal = 30305E2A1A41184300A9F8F8 /* Project object */;
			proxyType = 1;
			remoteGlobalIDString = 30305E311A41184300A9F8F8;
			remoteInfo = SimpleGUI;
		};
/* End PBXContainerItemProxy section */

/* Begin PBXFileReference section */
		30305E321A41184300A9F8F8 /* SimpleGUI.app */ = {isa = PBXFileReference; explicitFileType = wrapper.application; includeInIndex = 0; path = SimpleGUI.app; sourceTree = BUILT_PRODUCTS_DIR; };
		30305E361A41184300A9F8F8 /* Info.plist */ = {isa = PBXFileReference; lastKnownFileType = text.plist.xml; path = Info.plist; sourceTree = "<group>"; };
		30305E371A41184300A9F8F8 /* AppDelegate.swift */ = {isa = PBXFileReference; lastKnownFileType = sourcecode.swift; path = AppDelegate.swift; sourceTree = "<group>"; };
		30305E391A41184300A9F8F8 /* ViewController.swift */ = {isa = PBXFileReference; lastKnownFileType = sourcecode.swift; path = ViewController.swift; sourceTree = "<group>"; };
		30305E3C1A41184300A9F8F8 /* Base */ = {isa = PBXFileReference; lastKnownFileType = file.storyboard; name = Base; path = Base.lproj/Main.storyboard; sourceTree = "<group>"; };
		30305E3E1A41184300A9F8F8 /* Images.xcassets */ = {isa = PBXFileReference; lastKnownFileType = folder.assetcatalog; path = Images.xcassets; sourceTree = "<group>"; };
		30305E411A41184300A9F8F8 /* Base */ = {isa = PBXFileReference; lastKnownFileType = file.xib; name = Base; path = Base.lproj/LaunchScreen.xib; sourceTree = "<group>"; };
		30305E471A41184300A9F8F8 /* SimpleGUITests.xctest */ = {isa = PBXFileReference; explicitFileType = wrapper.cfbundle; includeInIndex = 0; path = SimpleGUITests.xctest; sourceTree = BUILT_PRODUCTS_DIR; };
		30305E4C1A41184300A9F8F8 /* Info.plist */ = {isa = PBXFileReference; lastKnownFileType = text.plist.xml; path = Info.plist; sourceTree = "<group>"; };
		30305E4D1A41184300A9F8F8 /* SimpleGUITests.swift */ = {isa = PBXFileReference; lastKnownFileType = sourcecode.swift; path = SimpleGUITests.swift; sourceTree = "<group>"; };
		D4059C8A22FAC4E2F8624483 /* test.jpeg */ = {isa = PBXFileReference; lastKnownFileType = image.jpeg; path = test.jpeg; sourceTree = "<group>"; };
/* End PBXFileReference section */

/* Begin PBXFrameworksBuildPhase section */
		30305E2F1A41184300A9F8F8 /* Frameworks */ = {
			isa = PBXFrameworksBuildPhase;
			buildActionMask = 2147483647;
			files = (
			);
			runOnlyForDeploymentPostprocessing = 0;
		};
		30305E441A41184300A9F8F8 /* Frameworks */ = {
			isa = PBXFrameworksBuildPhase;
			buildActionMask = 2147483647;
			files = (
			);
			runOnlyForDeploymentPostprocessing = 0;
		};
/* End PBXFrameworksBuildPhase section */

/* Begin PBXGroup section */
		30305E291A41184300A9F8F8 = {
			isa = PBXGroup;
			children = (
				30305E341A41184300A9F8F8 /* SimpleGUI */,
				30305E4A1A41184300A9F8F8 /* SimpleGUITests */,
				30305E331A41184300A9F8F8 /* Products */,
			);
			sourceTree = "<group>";
		};
		30305E331A41184300A9F8F8 /* Products */ = {
			isa = PBXGroup;
			children = (
				30305E321A41184300A9F8F8 /* SimpleGUI.app */,
				30305E471A41184300A9F8F8 /* SimpleGUITests.xctest */,
			);
			name = Products;
			sourceTree = "<group>";
		};
		30305E341A41184300A9F8F8 /* SimpleGUI */ = {
			isa = PBXGroup;
			children = (
				30305E371A41184300A9F8F8 /* AppDelegate.swift */,
				30305E391A41184300A9F8F8 /* ViewController.swift */,
				30305E3B1A41184300A9F8F8 /* Main.storyboard */,
				30305E3E1A41184300A9F8F8 /* Images.xcassets */,
				30305E401A41184300A9F8F8 /* LaunchScreen.xib */,
				30305E351A41184300A9F8F8 /* Supporting Files */,
			);
			path = SimpleGUI;
			sourceTree = "<group>";
		};
		30305E351A41184300A9F8F8 /* Supporting Files */ = {
			isa = PBXGroup;
			children = (
				30305E361A41184300A9F8F8 /* Info.plist */,
				D4059C8A22FAC4E2F8624483 /* test.jpeg */,
			);
			name = "Supporting Files";
			sourceTree = "<group>";
		};
		30305E4A1A41184300A9F8F8 /* SimpleGUITests */ = {
			isa = PBXGroup;
			children = (
				30305E4D1A41184300A9F8F8 /* SimpleGUITests.swift */,
				30305E4B1A41184300A9F8F8 /* Supporting Files */,
			);
			path = SimpleGUITests;
			sourceTree = "<group>";
		};
		30305E4B1A41184300A9F8F8 /* Supporting Files */ = {
			isa = PBXGroup;
			children = (
				30305E4C1A41184300A9F8F8 /* Info.plist */,
			);
			name = "Supporting Files";
			sourceTree = "<group>";
		};
/* End PBXGroup section */

/* Begin PBXNativeTarget section */
		30305E311A41184300A9F8F8 /* SimpleGUI */ = {
			isa = PBXNativeTarget;
			buildConfigurationList = 30305E511A41184300A9F8F8 /* Build configuration list for PBXNativeTarget "SimpleGUI" */;
			buildPhases = (
				30305E2E1A41184300A9F8F8 /* Sources */,
				30305E2F1A41184300A9F8F8 /* Frameworks */,
				30305E301A41184300A9F8F8 /* Resources */,
			);
			buildRules = (
			);
			dependencies = (
			);
			name = SimpleGUI;
			productName = SimpleGUI;
			productReference = 30305E321A41184300A9F8F8 /* SimpleGUI.app */;
			productType = "com.apple.product-type.application";
		};
		30305E461A41184300A9F8F8 /* SimpleGUITests */ = {
			isa = PBXNativeTarget;
			buildConfigurationList = 30305E541A41184300A9F8F8 /* Build configuration list for PBXNativeTarget "SimpleGUITests" */;
			buildPhases = (
				30305E431A41184300A9F8F8 /* Sources */,
				30305E441A41184300A9F8F8 /* Frameworks */,
				30305E451A41184300A9F8F8 /* Resources */,
			);
			buildRules = (
			);
			dependencies = (
				30305E491A41184300A9F8F8 /* PBXTargetDependency */,
			);
			name = SimpleGUITests;
			productName = SimpleGUITests;
			productReference = 30305E471A41184300A9F8F8 /* SimpleGUITests.xctest */;
			productType = "com.apple.product-type.bundle.unit-test";
		};
/* End PBXNativeTarget section */

/* Begin PBXProject section */
		30305E2A1A41184300A9F8F8 /* Project object */ = {
			isa = PBXProject;
			attributes = {
				LastUpgradeCheck = 0610;
				ORGANIZATIONNAME = "姚耀";
				TargetAttributes = {
					30305E311A41184300A9F8F8 = {
						CreatedOnToolsVersion = 6.1.1;
					};
					30305E461A41184300A9F8F8 = {
						CreatedOnToolsVersion = 6.1.1;
						TestTargetID = 30305E311A41184300A9F8F8;
					};
				};
			};
			buildConfigurationList = 30305E2D1A41184300A9F8F8 /* Build configuration list for PBXProject "SimpleGUI" */;
			compatibilityVersion = "Xcode 3.2";
			developmentRegion = English;
			hasScannedForEncodings = 0;
			knownRegions = (
				en,
				Base,
			);
			mainGroup = 30305E291A41184300A9F8F8;
			productRefGroup = 30305E331A41184300A9F8F8 /* Products */;
			projectDirPath = "";
			projectRoot = "";
			targets = (
				30305E311A41184300A9F8F8 /* SimpleGUI */,
				30305E461A41184300A9F8F8 /* SimpleGUITests */,
			);
		};
/* End PBXProject section */

/* Begin PBXResourcesBuildPhase section */
		30305E301A41184300A9F8F8 /* Resources */ = {
			isa = PBXResourcesBuildPhase;
			buildActionMask = 2147483647;
			files = (
				30305E3D1A41184300A9F8F8 /* Main.storyboard in Resources */,
				30305E421A41184300A9F8F8 /* LaunchScreen.xib in Resources */,
				30305E3F1A41184300A9F8F8 /* Images.xcassets in Resources */,
				D4059B9817246A4E693D6A0A /* test.jpeg in Resources */,
			);
			runOnlyForDeploymentPostprocessing = 0;
		};
		30305E451A41184300A9F8F8 /* Resources */ = {
			isa = PBXResourcesBuildPhase;
			buildActionMask = 2147483647;
			files = (
			);
			runOnlyForDeploymentPostprocessing = 0;
		};
/* End PBXResourcesBuildPhase section */

/* Begin PBXSourcesBuildPhase section */
		30305E2E1A41184300A9F8F8 /* Sources */ = {
			isa = PBXSourcesBuildPhase;
			buildActionMask = 2147483647;
			files = (
				30305E3A1A41184300A9F8F8 /* ViewController.swift in Sources */,
				30305E381A41184300A9F8F8 /* AppDelegate.swift in Sources */,
			);
			runOnlyForDeploymentPostprocessing = 0;
		};
		30305E431A41184300A9F8F8 /* Sources */ = {
			isa = PBXSourcesBuildPhase;
			buildActionMask = 2147483647;
			files = (
				30305E4E1A41184300A9F8F8 /* SimpleGUITests.swift in Sources */,
			);
			runOnlyForDeploymentPostprocessing = 0;
		};
/* End PBXSourcesBuildPhase section */

/* Begin PBXTargetDependency section */
		30305E491A41184300A9F8F8 /* PBXTargetDependency */ = {
			isa = PBXTargetDependency;
			target = 30305E311A41184300A9F8F8 /* SimpleGUI */;
			targetProxy = 30305E481A41184300A9F8F8 /* PBXContainerItemProxy */;
		};
/* End PBXTargetDependency section */

/* Begin PBXVariantGroup section */
		30305E3B1A41184300A9F8F8 /* Main.storyboard */ = {
			isa = PBXVariantGroup;
			children = (
				30305E3C1A41184300A9F8F8 /* Base */,
			);
			name = Main.storyboard;
			sourceTree = "<group>";
		};
		30305E401A41184300A9F8F8 /* LaunchScreen.xib */ = {
			isa = PBXVariantGroup;
			children = (
				30305E411A41184300A9F8F8 /* Base */,
			);
			name = LaunchScreen.xib;
			sourceTree = "<group>";
		};
/* End PBXVariantGroup section */

/* Begin XCBuildConfiguration section */
		30305E4F1A41184300A9F8F8 /* Debug */ = {
			isa = XCBuildConfiguration;
			buildSettings = {
				ALWAYS_SEARCH_USER_PATHS = NO;
				CLANG_CXX_LANGUAGE_STANDARD = "gnu++0x";
				CLANG_CXX_LIBRARY = "libc++";
				CLANG_ENABLE_MODULES = YES;
				CLANG_ENABLE_OBJC_ARC = YES;
				CLANG_WARN_BOOL_CONVERSION = YES;
				CLANG_WARN_CONSTANT_CONVERSION = YES;
				CLANG_WARN_DIRECT_OBJC_ISA_USAGE = YES_ERROR;
				CLANG_WARN_EMPTY_BODY = YES;
				CLANG_WARN_ENUM_CONVERSION = YES;
				CLANG_WARN_INT_CONVERSION = YES;
				CLANG_WARN_OBJC_ROOT_CLASS = YES_ERROR;
				CLANG_WARN_UNREACHABLE_CODE = YES;
				CLANG_WARN__DUPLICATE_METHOD_MATCH = YES;
				"CODE_SIGN_IDENTITY[sdk=iphoneos*]" = "iPhone Developer";
				COPY_PHASE_STRIP = NO;
				ENABLE_STRICT_OBJC_MSGSEND = YES;
				GCC_C_LANGUAGE_STANDARD = gnu99;
				GCC_DYNAMIC_NO_PIC = NO;
				GCC_OPTIMIZATION_LEVEL = 0;
				GCC_PREPROCESSOR_DEFINITIONS = (
					"DEBUG=1",
					"$(inherited)",
				);
				GCC_SYMBOLS_PRIVATE_EXTERN = NO;
				GCC_WARN_64_TO_32_BIT_CONVERSION = YES;
				GCC_WARN_ABOUT_RETURN_TYPE = YES_ERROR;
				GCC_WARN_UNDECLARED_SELECTOR = YES;
				GCC_WARN_UNINITIALIZED_AUTOS = YES_AGGRESSIVE;
				GCC_WARN_UNUSED_FUNCTION = YES;
				GCC_WARN_UNUSED_VARIABLE = YES;
				IPHONEOS_DEPLOYMENT_TARGET = 8.1;
				MTL_ENABLE_DEBUG_INFO = YES;
				ONLY_ACTIVE_ARCH = YES;
				SDKROOT = iphoneos;
				SWIFT_OPTIMIZATION_LEVEL = "-Onone";
			};
			name = Debug;
		};
		30305E501A41184300A9F8F8 /* Release */ = {
			isa = XCBuildConfiguration;
			buildSettings = {
				ALWAYS_SEARCH_USER_PATHS = NO;
				CLANG_CXX_LANGUAGE_STANDARD = "gnu++0x";
				CLANG_CXX_LIBRARY = "libc++";
				CLANG_ENABLE_MODULES = YES;
				CLANG_ENABLE_OBJC_ARC = YES;
				CLANG_WARN_BOOL_CONVERSION = YES;
				CLANG_WARN_CONSTANT_CONVERSION = YES;
				CLANG_WARN_DIRECT_OBJC_ISA_USAGE = YES_ERROR;
				CLANG_WARN_EMPTY_BODY = YES;
				CLANG_WARN_ENUM_CONVERSION = YES;
				CLANG_WARN_INT_CONVERSION = YES;
				CLANG_WARN_OBJC_ROOT_CLASS = YES_ERROR;
				CLANG_WARN_UNREACHABLE_CODE = YES;
				CLANG_WARN__DUPLICATE_METHOD_MATCH = YES;
				"CODE_SIGN_IDENTITY[sdk=iphoneos*]" = "iPhone Developer";
				COPY_PHASE_STRIP = YES;
				ENABLE_NS_ASSERTIONS = NO;
				ENABLE_STRICT_OBJC_MSGSEND = YES;
				GCC_C_LANGUAGE_STANDARD = gnu99;
				GCC_WARN_64_TO_32_BIT_CONVERSION = YES;
				GCC_WARN_ABOUT_RETURN_TYPE = YES_ERROR;
				GCC_WARN_UNDECLARED_SELECTOR = YES;
				GCC_WARN_UNINITIALIZED_AUTOS = YES_AGGRESSIVE;
				GCC_WARN_UNUSED_FUNCTION = YES;
				GCC_WARN_UNUSED_VARIABLE = YES;
				IPHONEOS_DEPLOYMENT_TARGET = 8.1;
				MTL_ENABLE_DEBUG_INFO = NO;
				SDKROOT = iphoneos;
				VALIDATE_PRODUCT = YES;
			};
			name = Release;
		};
		30305E521A41184300A9F8F8 /* Debug */ = {
			isa = XCBuildConfiguration;
			buildSettings = {
				ASSETCATALOG_COMPILER_APPICON_NAME = AppIcon;
				INFOPLIST_FILE = SimpleGUI/Info.plist;
				LD_RUNPATH_SEARCH_PATHS = "$(inherited) @executable_path/Frameworks";
				PRODUCT_NAME = "$(TARGET_NAME)";
			};
			name = Debug;
		};
		30305E531A41184300A9F8F8 /* Release */ = {
			isa = XCBuildConfiguration;
			buildSettings = {
				ASSETCATALOG_COMPILER_APPICON_NAME = AppIcon;
				INFOPLIST_FILE = SimpleGUI/Info.plist;
				LD_RUNPATH_SEARCH_PATHS = "$(inherited) @executable_path/Frameworks";
				PRODUCT_NAME = "$(TARGET_NAME)";
			};
			name = Release;
		};
		30305E551A41184300A9F8F8 /* Debug */ = {
			isa = XCBuildConfiguration;
			buildSettings = {
				BUNDLE_LOADER = "$(TEST_HOST)";
				FRAMEWORK_SEARCH_PATHS = (
					"$(SDKROOT)/Developer/Library/Frameworks",
					"$(inherited)",
				);
				GCC_PREPROCESSOR_DEFINITIONS = (
					"DEBUG=1",
					"$(inherited)",
				);
				INFOPLIST_FILE = SimpleGUITests/Info.plist;
				LD_RUNPATH_SEARCH_PATHS = "$(inherited) @executable_path/Frameworks @loader_path/Frameworks";
				PRODUCT_NAME = "$(TARGET_NAME)";
				TEST_HOST = "$(BUILT_PRODUCTS_DIR)/SimpleGUI.app/SimpleGUI";
			};
			name = Debug;
		};
		30305E561A41184300A9F8F8 /* Release */ = {
			isa = XCBuildConfiguration;
			buildSettings = {
				BUNDLE_LOADER = "$(TEST_HOST)";
				FRAMEWORK_SEARCH_PATHS = (
					"$(SDKROOT)/Developer/Library/Frameworks",
					"$(inherited)",
				);
				INFOPLIST_FILE = SimpleGUITests/Info.plist;
				LD_RUNPATH_SEARCH_PATHS = "$(inherited) @executable_path/Frameworks @loader_path/Frameworks";
				PRODUCT_NAME = "$(TARGET_NAME)";
				TEST_HOST = "$(BUILT_PRODUCTS_DIR)/SimpleGUI.app/SimpleGUI";
			};
			name = Release;
		};
/* End XCBuildConfiguration section */

/* Begin XCConfigurationList section */
		30305E2D1A41184300A9F8F8 /* Build configuration list for PBXProject "SimpleGUI" */ = {
			isa = XCConfigurationList;
			buildConfigurations = (
				30305E4F1A41184300A9F8F8 /* Debug */,
				30305E501A41184300A9F8F8 /* Release */,
			);
			defaultConfigurationIsVisible = 0;
			defaultConfigurationName = Release;
		};
		30305E511A41184300A9F8F8 /* Build configuration list for PBXNativeTarget "SimpleGUI" */ = {
			isa = XCConfigurationList;
			buildConfigurations = (
				30305E521A41184300A9F8F8 /* Debug */,
				30305E531A41184300A9F8F8 /* Release */,
			);
			defaultConfigurationIsVisible = 0;
			defaultConfigurationName = Release;
		};
		30305E541A41184300A9F8F8 /* Build configuration list for PBXNativeTarget "SimpleGUITests" */ = {
			isa = XCConfigurationList;
			buildConfigurations = (
				30305E551A41184300A9F8F8 /* Debug */,
				30305E561A41184300A9F8F8 /* Release */,
			);
			defaultConfigurationIsVisible = 0;
			defaultConfigurationName = Release;
		};
/* End XCConfigurationList section */
	};
	rootObject = 30305E2A1A41184300A9F8F8 /* Project object */;
}
