// !$*UTF8*$!
{
	archiveVersion = 1;
	classes = {
	};
	objectVersion = 46;
	objects = {

/* Begin PBXBuildFile section */
		3005E7031A441EBC007A6F01 /* AppDelegate.swift in Sources */ = {isa = PBXBuildFile; fileRef = 3005E7021A441EBC007A6F01 /* AppDelegate.swift */; };
		3005E7051A441EBC007A6F01 /* ViewController.swift in Sources */ = {isa = PBXBuildFile; fileRef = 3005E7041A441EBC007A6F01 /* ViewController.swift */; };
		3005E7081A441EBC007A6F01 /* Main.storyboard in Resources */ = {isa = PBXBuildFile; fileRef = 3005E7061A441EBC007A6F01 /* Main.storyboard */; };
		3005E70A1A441EBC007A6F01 /* Images.xcassets in Resources */ = {isa = PBXBuildFile; fileRef = 3005E7091A441EBC007A6F01 /* Images.xcassets */; };
		3005E70D1A441EBC007A6F01 /* LaunchScreen.xib in Resources */ = {isa = PBXBuildFile; fileRef = 3005E70B1A441EBC007A6F01 /* LaunchScreen.xib */; };
		3005E7191A441EBC007A6F01 /* UIColor_Hex_Swift_DemoTests.swift in Sources */ = {isa = PBXBuildFile; fileRef = 3005E7181A441EBC007A6F01 /* UIColor_Hex_Swift_DemoTests.swift */; };
		3005E7231A441F08007A6F01 /* UIColorExtension.swift in Sources */ = {isa = PBXBuildFile; fileRef = 3005E7221A441F08007A6F01 /* UIColorExtension.swift */; };
/* End PBXBuildFile section */

/* Begin PBXContainerItemProxy section */
		3005E7131A441EBC007A6F01 /* PBXContainerItemProxy */ = {
			isa = PBXContainerItemProxy;
			containerPortal = 3005E6F51A441EBC007A6F01 /* Project object */;
			proxyType = 1;
			remoteGlobalIDString = 3005E6FC1A441EBC007A6F01;
			remoteInfo = "UIColor-Hex-Swift Demo";
		};
/* End PBXContainerItemProxy section */

/* Begin PBXFileReference section */
		3005E6FD1A441EBC007A6F01 /* UIColor-Hex-Swift Demo.app */ = {isa = PBXFileReference; explicitFileType = wrapper.application; includeInIndex = 0; path = "UIColor-Hex-Swift Demo.app"; sourceTree = BUILT_PRODUCTS_DIR; };
		3005E7011A441EBC007A6F01 /* Info.plist */ = {isa = PBXFileReference; lastKnownFileType = text.plist.xml; path = Info.plist; sourceTree = "<group>"; };
		3005E7021A441EBC007A6F01 /* AppDelegate.swift */ = {isa = PBXFileReference; lastKnownFileType = sourcecode.swift; path = AppDelegate.swift; sourceTree = "<group>"; };
		3005E7041A441EBC007A6F01 /* ViewController.swift */ = {isa = PBXFileReference; lastKnownFileType = sourcecode.swift; path = ViewController.swift; sourceTree = "<group>"; };
		3005E7071A441EBC007A6F01 /* Base */ = {isa = PBXFileReference; lastKnownFileType = file.storyboard; name = Base; path = Base.lproj/Main.storyboard; sourceTree = "<group>"; };
		3005E7091A441EBC007A6F01 /* Images.xcassets */ = {isa = PBXFileReference; lastKnownFileType = folder.assetcatalog; path = Images.xcassets; sourceTree = "<group>"; };
		3005E70C1A441EBC007A6F01 /* Base */ = {isa = PBXFileReference; lastKnownFileType = file.xib; name = Base; path = Base.lproj/LaunchScreen.xib; sourceTree = "<group>"; };
		3005E7121A441EBC007A6F01 /* UIColor-Hex-Swift DemoTests.xctest */ = {isa = PBXFileReference; explicitFileType = wrapper.cfbundle; includeInIndex = 0; path = "UIColor-Hex-Swift DemoTests.xctest"; sourceTree = BUILT_PRODUCTS_DIR; };
		3005E7171A441EBC007A6F01 /* Info.plist */ = {isa = PBXFileReference; lastKnownFileType = text.plist.xml; path = Info.plist; sourceTree = "<group>"; };
		3005E7181A441EBC007A6F01 /* UIColor_Hex_Swift_DemoTests.swift */ = {isa = PBXFileReference; lastKnownFileType = sourcecode.swift; path = UIColor_Hex_Swift_DemoTests.swift; sourceTree = "<group>"; };
		3005E7221A441F08007A6F01 /* UIColorExtension.swift */ = {isa = PBXFileReference; fileEncoding = 4; lastKnownFileType = sourcecode.swift; path = UIColorExtension.swift; sourceTree = "<group>"; };
/* End PBXFileReference section */

/* Begin PBXFrameworksBuildPhase section */
		3005E6FA1A441EBC007A6F01 /* Frameworks */ = {
			isa = PBXFrameworksBuildPhase;
			buildActionMask = 2147483647;
			files = (
			);
			runOnlyForDeploymentPostprocessing = 0;
		};
		3005E70F1A441EBC007A6F01 /* Frameworks */ = {
			isa = PBXFrameworksBuildPhase;
			buildActionMask = 2147483647;
			files = (
			);
			runOnlyForDeploymentPostprocessing = 0;
		};
/* End PBXFrameworksBuildPhase section */

/* Begin PBXGroup section */
		3005E6F41A441EBC007A6F01 = {
			isa = PBXGroup;
			children = (
				3005E6FF1A441EBC007A6F01 /* UIColor-Hex-Swift Demo */,
				3005E7151A441EBC007A6F01 /* UIColor-Hex-Swift DemoTests */,
				3005E6FE1A441EBC007A6F01 /* Products */,
			);
			sourceTree = "<group>";
		};
		3005E6FE1A441EBC007A6F01 /* Products */ = {
			isa = PBXGroup;
			children = (
				3005E6FD1A441EBC007A6F01 /* UIColor-Hex-Swift Demo.app */,
				3005E7121A441EBC007A6F01 /* UIColor-Hex-Swift DemoTests.xctest */,
			);
			name = Products;
			sourceTree = "<group>";
		};
		3005E6FF1A441EBC007A6F01 /* UIColor-Hex-Swift Demo */ = {
			isa = PBXGroup;
			children = (
				3005E7021A441EBC007A6F01 /* AppDelegate.swift */,
				3005E7041A441EBC007A6F01 /* ViewController.swift */,
				3005E7061A441EBC007A6F01 /* Main.storyboard */,
				3005E7091A441EBC007A6F01 /* Images.xcassets */,
				3005E70B1A441EBC007A6F01 /* LaunchScreen.xib */,
				3005E7001A441EBC007A6F01 /* Supporting Files */,
				3005E7221A441F08007A6F01 /* UIColorExtension.swift */,
			);
			path = "UIColor-Hex-Swift Demo";
			sourceTree = "<group>";
		};
		3005E7001A441EBC007A6F01 /* Supporting Files */ = {
			isa = PBXGroup;
			children = (
				3005E7011A441EBC007A6F01 /* Info.plist */,
			);
			name = "Supporting Files";
			sourceTree = "<group>";
		};
		3005E7151A441EBC007A6F01 /* UIColor-Hex-Swift DemoTests */ = {
			isa = PBXGroup;
			children = (
				3005E7181A441EBC007A6F01 /* UIColor_Hex_Swift_DemoTests.swift */,
				3005E7161A441EBC007A6F01 /* Supporting Files */,
			);
			path = "UIColor-Hex-Swift DemoTests";
			sourceTree = "<group>";
		};
		3005E7161A441EBC007A6F01 /* Supporting Files */ = {
			isa = PBXGroup;
			children = (
				3005E7171A441EBC007A6F01 /* Info.plist */,
			);
			name = "Supporting Files";
			sourceTree = "<group>";
		};
/* End PBXGroup section */

/* Begin PBXNativeTarget section */
		3005E6FC1A441EBC007A6F01 /* UIColor-Hex-Swift Demo */ = {
			isa = PBXNativeTarget;
			buildConfigurationList = 3005E71C1A441EBC007A6F01 /* Build configuration list for PBXNativeTarget "UIColor-Hex-Swift Demo" */;
			buildPhases = (
				3005E6F91A441EBC007A6F01 /* Sources */,
				3005E6FA1A441EBC007A6F01 /* Frameworks */,
				3005E6FB1A441EBC007A6F01 /* Resources */,
			);
			buildRules = (
			);
			dependencies = (
			);
			name = "UIColor-Hex-Swift Demo";
			productName = "UIColor-Hex-Swift Demo";
			productReference = 3005E6FD1A441EBC007A6F01 /* UIColor-Hex-Swift Demo.app */;
			productType = "com.apple.product-type.application";
		};
		3005E7111A441EBC007A6F01 /* UIColor-Hex-Swift DemoTests */ = {
			isa = PBXNativeTarget;
			buildConfigurationList = 3005E71F1A441EBC007A6F01 /* Build configuration list for PBXNativeTarget "UIColor-Hex-Swift DemoTests" */;
			buildPhases = (
				3005E70E1A441EBC007A6F01 /* Sources */,
				3005E70F1A441EBC007A6F01 /* Frameworks */,
				3005E7101A441EBC007A6F01 /* Resources */,
			);
			buildRules = (
			);
			dependencies = (
				3005E7141A441EBC007A6F01 /* PBXTargetDependency */,
			);
			name = "UIColor-Hex-Swift DemoTests";
			productName = "UIColor-Hex-Swift DemoTests";
			productReference = 3005E7121A441EBC007A6F01 /* UIColor-Hex-Swift DemoTests.xctest */;
			productType = "com.apple.product-type.bundle.unit-test";
		};
/* End PBXNativeTarget section */

/* Begin PBXProject section */
		3005E6F51A441EBC007A6F01 /* Project object */ = {
			isa = PBXProject;
			attributes = {
				LastUpgradeCheck = 0610;
				ORGANIZATIONNAME = "姚耀";
				TargetAttributes = {
					3005E6FC1A441EBC007A6F01 = {
						CreatedOnToolsVersion = 6.1.1;
					};
					3005E7111A441EBC007A6F01 = {
						CreatedOnToolsVersion = 6.1.1;
						TestTargetID = 3005E6FC1A441EBC007A6F01;
					};
				};
			};
			buildConfigurationList = 3005E6F81A441EBC007A6F01 /* Build configuration list for PBXProject "UIColor-Hex-Swift Demo" */;
			compatibilityVersion = "Xcode 3.2";
			developmentRegion = English;
			hasScannedForEncodings = 0;
			knownRegions = (
				en,
				Base,
			);
			mainGroup = 3005E6F41A441EBC007A6F01;
			productRefGroup = 3005E6FE1A441EBC007A6F01 /* Products */;
			projectDirPath = "";
			projectRoot = "";
			targets = (
				3005E6FC1A441EBC007A6F01 /* UIColor-Hex-Swift Demo */,
				3005E7111A441EBC007A6F01 /* UIColor-Hex-Swift DemoTests */,
			);
		};
/* End PBXProject section */

/* Begin PBXResourcesBuildPhase section */
		3005E6FB1A441EBC007A6F01 /* Resources */ = {
			isa = PBXResourcesBuildPhase;
			buildActionMask = 2147483647;
			files = (
				3005E7081A441EBC007A6F01 /* Main.storyboard in Resources */,
				3005E70D1A441EBC007A6F01 /* LaunchScreen.xib in Resources */,
				3005E70A1A441EBC007A6F01 /* Images.xcassets in Resources */,
			);
			runOnlyForDeploymentPostprocessing = 0;
		};
		3005E7101A441EBC007A6F01 /* Resources */ = {
			isa = PBXResourcesBuildPhase;
			buildActionMask = 2147483647;
			files = (
			);
			runOnlyForDeploymentPostprocessing = 0;
		};
/* End PBXResourcesBuildPhase section */

/* Begin PBXSourcesBuildPhase section */
		3005E6F91A441EBC007A6F01 /* Sources */ = {
			isa = PBXSourcesBuildPhase;
			buildActionMask = 2147483647;
			files = (
				3005E7051A441EBC007A6F01 /* ViewController.swift in Sources */,
				3005E7031A441EBC007A6F01 /* AppDelegate.swift in Sources */,
				3005E7231A441F08007A6F01 /* UIColorExtension.swift in Sources */,
			);
			runOnlyForDeploymentPostprocessing = 0;
		};
		3005E70E1A441EBC007A6F01 /* Sources */ = {
			isa = PBXSourcesBuildPhase;
			buildActionMask = 2147483647;
			files = (
				3005E7191A441EBC007A6F01 /* UIColor_Hex_Swift_DemoTests.swift in Sources */,
			);
			runOnlyForDeploymentPostprocessing = 0;
		};
/* End PBXSourcesBuildPhase section */

/* Begin PBXTargetDependency section */
		3005E7141A441EBC007A6F01 /* PBXTargetDependency */ = {
			isa = PBXTargetDependency;
			target = 3005E6FC1A441EBC007A6F01 /* UIColor-Hex-Swift Demo */;
			targetProxy = 3005E7131A441EBC007A6F01 /* PBXContainerItemProxy */;
		};
/* End PBXTargetDependency section */

/* Begin PBXVariantGroup section */
		3005E7061A441EBC007A6F01 /* Main.storyboard */ = {
			isa = PBXVariantGroup;
			children = (
				3005E7071A441EBC007A6F01 /* Base */,
			);
			name = Main.storyboard;
			sourceTree = "<group>";
		};
		3005E70B1A441EBC007A6F01 /* LaunchScreen.xib */ = {
			isa = PBXVariantGroup;
			children = (
				3005E70C1A441EBC007A6F01 /* Base */,
			);
			name = LaunchScreen.xib;
			sourceTree = "<group>";
		};
/* End PBXVariantGroup section */

/* Begin XCBuildConfiguration section */
		3005E71A1A441EBC007A6F01 /* Debug */ = {
			isa = XCBuildConfiguration;
			buildSettings = {
				ALWAYS_SEARCH_USER_PATHS = NO;
				CLANG_CXX_LANGUAGE_STANDARD = "gnu++0x";
				CLANG_CXX_LIBRARY = "libc++";
				CLANG_ENABLE_MODULES = YES;
				CLANG_ENABLE_OBJC_ARC = YES;
				CLANG_WARN_BOOL_CONVERSION = YES;
				CLANG_WARN_CONSTANT_CONVERSION = YES;
				CLANG_WARN_DIRECT_OBJC_ISA_USAGE = YES_ERROR;
				CLANG_WARN_EMPTY_BODY = YES;
				CLANG_WARN_ENUM_CONVERSION = YES;
				CLANG_WARN_INT_CONVERSION = YES;
				CLANG_WARN_OBJC_ROOT_CLASS = YES_ERROR;
				CLANG_WARN_UNREACHABLE_CODE = YES;
				CLANG_WARN__DUPLICATE_METHOD_MATCH = YES;
				"CODE_SIGN_IDENTITY[sdk=iphoneos*]" = "iPhone Developer";
				COPY_PHASE_STRIP = NO;
				ENABLE_STRICT_OBJC_MSGSEND = YES;
				GCC_C_LANGUAGE_STANDARD = gnu99;
				GCC_DYNAMIC_NO_PIC = NO;
				GCC_OPTIMIZATION_LEVEL = 0;
				GCC_PREPROCESSOR_DEFINITIONS = (
					"DEBUG=1",
					"$(inherited)",
				);
				GCC_SYMBOLS_PRIVATE_EXTERN = NO;
				GCC_WARN_64_TO_32_BIT_CONVERSION = YES;
				GCC_WARN_ABOUT_RETURN_TYPE = YES_ERROR;
				GCC_WARN_UNDECLARED_SELECTOR = YES;
				GCC_WARN_UNINITIALIZED_AUTOS = YES_AGGRESSIVE;
				GCC_WARN_UNUSED_FUNCTION = YES;
				GCC_WARN_UNUSED_VARIABLE = YES;
				IPHONEOS_DEPLOYMENT_TARGET = 8.1;
				MTL_ENABLE_DEBUG_INFO = YES;
				ONLY_ACTIVE_ARCH = YES;
				SDKROOT = iphoneos;
				SWIFT_OPTIMIZATION_LEVEL = "-Onone";
			};
			name = Debug;
		};
		3005E71B1A441EBC007A6F01 /* Release */ = {
			isa = XCBuildConfiguration;
			buildSettings = {
				ALWAYS_SEARCH_USER_PATHS = NO;
				CLANG_CXX_LANGUAGE_STANDARD = "gnu++0x";
				CLANG_CXX_LIBRARY = "libc++";
				CLANG_ENABLE_MODULES = YES;
				CLANG_ENABLE_OBJC_ARC = YES;
				CLANG_WARN_BOOL_CONVERSION = YES;
				CLANG_WARN_CONSTANT_CONVERSION = YES;
				CLANG_WARN_DIRECT_OBJC_ISA_USAGE = YES_ERROR;
				CLANG_WARN_EMPTY_BODY = YES;
				CLANG_WARN_ENUM_CONVERSION = YES;
				CLANG_WARN_INT_CONVERSION = YES;
				CLANG_WARN_OBJC_ROOT_CLASS = YES_ERROR;
				CLANG_WARN_UNREACHABLE_CODE = YES;
				CLANG_WARN__DUPLICATE_METHOD_MATCH = YES;
				"CODE_SIGN_IDENTITY[sdk=iphoneos*]" = "iPhone Developer";
				COPY_PHASE_STRIP = YES;
				ENABLE_NS_ASSERTIONS = NO;
				ENABLE_STRICT_OBJC_MSGSEND = YES;
				GCC_C_LANGUAGE_STANDARD = gnu99;
				GCC_WARN_64_TO_32_BIT_CONVERSION = YES;
				GCC_WARN_ABOUT_RETURN_TYPE = YES_ERROR;
				GCC_WARN_UNDECLARED_SELECTOR = YES;
				GCC_WARN_UNINITIALIZED_AUTOS = YES_AGGRESSIVE;
				GCC_WARN_UNUSED_FUNCTION = YES;
				GCC_WARN_UNUSED_VARIABLE = YES;
				IPHONEOS_DEPLOYMENT_TARGET = 8.1;
				MTL_ENABLE_DEBUG_INFO = NO;
				SDKROOT = iphoneos;
				VALIDATE_PRODUCT = YES;
			};
			name = Release;
		};
		3005E71D1A441EBC007A6F01 /* Debug */ = {
			isa = XCBuildConfiguration;
			buildSettings = {
				ASSETCATALOG_COMPILER_APPICON_NAME = AppIcon;
				INFOPLIST_FILE = "UIColor-Hex-Swift Demo/Info.plist";
				LD_RUNPATH_SEARCH_PATHS = "$(inherited) @executable_path/Frameworks";
				PRODUCT_NAME = "$(TARGET_NAME)";
			};
			name = Debug;
		};
		3005E71E1A441EBC007A6F01 /* Release */ = {
			isa = XCBuildConfiguration;
			buildSettings = {
				ASSETCATALOG_COMPILER_APPICON_NAME = AppIcon;
				INFOPLIST_FILE = "UIColor-Hex-Swift Demo/Info.plist";
				LD_RUNPATH_SEARCH_PATHS = "$(inherited) @executable_path/Frameworks";
				PRODUCT_NAME = "$(TARGET_NAME)";
			};
			name = Release;
		};
		3005E7201A441EBC007A6F01 /* Debug */ = {
			isa = XCBuildConfiguration;
			buildSettings = {
				BUNDLE_LOADER = "$(TEST_HOST)";
				FRAMEWORK_SEARCH_PATHS = (
					"$(SDKROOT)/Developer/Library/Frameworks",
					"$(inherited)",
				);
				GCC_PREPROCESSOR_DEFINITIONS = (
					"DEBUG=1",
					"$(inherited)",
				);
				INFOPLIST_FILE = "UIColor-Hex-Swift DemoTests/Info.plist";
				LD_RUNPATH_SEARCH_PATHS = "$(inherited) @executable_path/Frameworks @loader_path/Frameworks";
				PRODUCT_NAME = "$(TARGET_NAME)";
				TEST_HOST = "$(BUILT_PRODUCTS_DIR)/UIColor-Hex-Swift Demo.app/UIColor-Hex-Swift Demo";
			};
			name = Debug;
		};
		3005E7211A441EBC007A6F01 /* Release */ = {
			isa = XCBuildConfiguration;
			buildSettings = {
				BUNDLE_LOADER = "$(TEST_HOST)";
				FRAMEWORK_SEARCH_PATHS = (
					"$(SDKROOT)/Developer/Library/Frameworks",
					"$(inherited)",
				);
				INFOPLIST_FILE = "UIColor-Hex-Swift DemoTests/Info.plist";
				LD_RUNPATH_SEARCH_PATHS = "$(inherited) @executable_path/Frameworks @loader_path/Frameworks";
				PRODUCT_NAME = "$(TARGET_NAME)";
				TEST_HOST = "$(BUILT_PRODUCTS_DIR)/UIColor-Hex-Swift Demo.app/UIColor-Hex-Swift Demo";
			};
			name = Release;
		};
/* End XCBuildConfiguration section */

/* Begin XCConfigurationList section */
		3005E6F81A441EBC007A6F01 /* Build configuration list for PBXProject "UIColor-Hex-Swift Demo" */ = {
			isa = XCConfigurationList;
			buildConfigurations = (
				3005E71A1A441EBC007A6F01 /* Debug */,
				3005E71B1A441EBC007A6F01 /* Release */,
			);
			defaultConfigurationIsVisible = 0;
			defaultConfigurationName = Release;
		};
		3005E71C1A441EBC007A6F01 /* Build configuration list for PBXNativeTarget "UIColor-Hex-Swift Demo" */ = {
			isa = XCConfigurationList;
			buildConfigurations = (
				3005E71D1A441EBC007A6F01 /* Debug */,
				3005E71E1A441EBC007A6F01 /* Release */,
			);
			defaultConfigurationIsVisible = 0;
		};
		3005E71F1A441EBC007A6F01 /* Build configuration list for PBXNativeTarget "UIColor-Hex-Swift DemoTests" */ = {
			isa = XCConfigurationList;
			buildConfigurations = (
				3005E7201A441EBC007A6F01 /* Debug */,
				3005E7211A441EBC007A6F01 /* Release */,
			);
			defaultConfigurationIsVisible = 0;
		};
/* End XCConfigurationList section */
	};
	rootObject = 3005E6F51A441EBC007A6F01 /* Project object */;
}
